
Microsoft Visual Studio Solution File, Format Version 12.00
# Visual Studio Version 16
VisualStudioVersion = 16.0.31105.61
MinimumVisualStudioVersion = 10.0.40219.1
Project("{FAE04EC0-301F-11D3-BF4B-00C04F79EFBC}") = "SimpleScript", "SimpleScript.csproj", "{DC5E90F5-9A62-4F39-B540-C939CFCA3E17}"
EndProject
Global
	GlobalSection(SolutionConfigurationPlatforms) = preSolution
		Debug|Any CPU = Debug|Any CPU
		Release|Any CPU = Release|Any CPU
	EndGlobalSection
	GlobalSection(ProjectConfigurationPlatforms) = postSolution
		{DC5E90F5-9A62-4F39-B540-C939CFCA3E17}.Debug|Any CPU.ActiveCfg = Debug|Any CPU
		{DC5E90F5-9A62-4F39-B540-C939CFCA3E17}.Debug|Any CPU.Build.0 = Debug|Any CPU
		{DC5E90F5-9A62-4F39-B540-C939CFCA3E17}.Release|Any CPU.ActiveCfg = Release|Any CPU
		{DC5E90F5-9A62-4F39-B540-C939CFCA3E17}.Release|Any CPU.Build.0 = Release|Any CPU
	EndGlobalSection
	GlobalSection(SolutionProperties) = preSolution
		HideSolutionNode = FALSE
	EndGlobalSection
	GlobalSection(ExtensibilityGlobals) = postSolution
		SolutionGuid = {ABA23563-E49E-4122-83C0-8A97049282C8}
	EndGlobalSection
EndGlobal
